
Microsoft Visual Studio Solution File, Format Version 12.00
# Visual Studio 2017
Project("{FAE04EC0-301F-11D3-BF4B-00C04F79EFBC}") = "VR_WANDA", "VR_WANDA.csproj", "{545EF142-E571-6590-5341-721F82C081F9}"
EndProject
Project("{FAE04EC0-301F-11D3-BF4B-00C04F79EFBC}") = "VR_WANDA.Editor", "VR_WANDA.Editor.csproj", "{99CFF49A-1B56-4FEC-48A8-D681D899528C}"
EndProject
Global
	GlobalSection(SolutionConfigurationPlatforms) = preSolution
		Debug|Any CPU = Debug|Any CPU
		Release|Any CPU = Release|Any CPU
	EndGlobalSection
	GlobalSection(ProjectConfigurationPlatforms) = postSolution
		{545EF142-E571-6590-5341-721F82C081F9}.Debug|Any CPU.ActiveCfg = Debug|Any CPU
		{545EF142-E571-6590-5341-721F82C081F9}.Debug|Any CPU.Build.0 = Debug|Any CPU
		{545EF142-E571-6590-5341-721F82C081F9}.Release|Any CPU.ActiveCfg = Release|Any CPU
		{545EF142-E571-6590-5341-721F82C081F9}.Release|Any CPU.Build.0 = Release|Any CPU
		{99CFF49A-1B56-4FEC-48A8-D681D899528C}.Debug|Any CPU.ActiveCfg = Debug|Any CPU
		{99CFF49A-1B56-4FEC-48A8-D681D899528C}.Debug|Any CPU.Build.0 = Debug|Any CPU
		{99CFF49A-1B56-4FEC-48A8-D681D899528C}.Release|Any CPU.ActiveCfg = Release|Any CPU
		{99CFF49A-1B56-4FEC-48A8-D681D899528C}.Release|Any CPU.Build.0 = Release|Any CPU
	EndGlobalSection
	GlobalSection(SolutionProperties) = preSolution
		HideSolutionNode = FALSE
	EndGlobalSection
EndGlobal
